
Microsoft Visual Studio Solution File, Format Version 12.00
# Visual Studio Version 17
VisualStudioVersion = 17.13.35931.197 d17.13
MinimumVisualStudioVersion = 10.0.40219.1
Project("{FAE04EC0-301F-11D3-BF4B-00C04F79EFBC}") = "StockTracker", "StockTracker.csproj", "{B9F4B594-DB8D-4397-A821-BE2249135117}"
EndProject
Global
	GlobalSection(SolutionConfigurationPlatforms) = preSolution
		Debug|Any CPU = Debug|Any CPU
		Release|Any CPU = Release|Any CPU
	EndGlobalSection
	GlobalSection(ProjectConfigurationPlatforms) = postSolution
		{B9F4B594-DB8D-4397-A821-BE2249135117}.Debug|Any CPU.ActiveCfg = Debug|Any CPU
		{B9F4B594-DB8D-4397-A821-BE2249135117}.Debug|Any CPU.Build.0 = Debug|Any CPU
		{B9F4B594-DB8D-4397-A821-BE2249135117}.Release|Any CPU.ActiveCfg = Release|Any CPU
		{B9F4B594-DB8D-4397-A821-BE2249135117}.Release|Any CPU.Build.0 = Release|Any CPU
	EndGlobalSection
	GlobalSection(SolutionProperties) = preSolution
		HideSolutionNode = FALSE
	EndGlobalSection
	GlobalSection(ExtensibilityGlobals) = postSolution
		SolutionGuid = {CD4E00DD-EEBB-4111-B5C5-C039EF5E3CB7}
	EndGlobalSection
EndGlobal
